// !$*UTF8*$!
{
	archiveVersion = 1;
	classes = {
	};
	objectVersion = 50;
	objects = {

/* Begin PBXBuildFile section */
		294C9C7CA260D01AA9FEF05A /* Pods_Job_FinderTests.framework in Frameworks */ = {isa = PBXBuildFile; fileRef = 5674BA7DD29347CB7C956256 /* Pods_Job_FinderTests.framework */; };
		4A79B74C222B9247003ED4F9 /* AppDelegate.swift in Sources */ = {isa = PBXBuildFile; fileRef = 4A79B74B222B9247003ED4F9 /* AppDelegate.swift */; };
		4A79B74E222B9247003ED4F9 /* ViewController.swift in Sources */ = {isa = PBXBuildFile; fileRef = 4A79B74D222B9247003ED4F9 /* ViewController.swift */; };
		4A79B751222B9247003ED4F9 /* Main.storyboard in Resources */ = {isa = PBXBuildFile; fileRef = 4A79B74F222B9247003ED4F9 /* Main.storyboard */; };
		4A79B753222B9247003ED4F9 /* Assets.xcassets in Resources */ = {isa = PBXBuildFile; fileRef = 4A79B752222B9247003ED4F9 /* Assets.xcassets */; };
		4A79B756222B9247003ED4F9 /* LaunchScreen.storyboard in Resources */ = {isa = PBXBuildFile; fileRef = 4A79B754222B9247003ED4F9 /* LaunchScreen.storyboard */; };
		4A79B761222B9248003ED4F9 /* Job_FinderTests.swift in Sources */ = {isa = PBXBuildFile; fileRef = 4A79B760222B9248003ED4F9 /* Job_FinderTests.swift */; };
		4A79B770222B9678003ED4F9 /* CustomCellForJobList.swift in Sources */ = {isa = PBXBuildFile; fileRef = 4A79B76E222B9678003ED4F9 /* CustomCellForJobList.swift */; };
		4A79B771222B9678003ED4F9 /* CustomCellForJobList.xib in Resources */ = {isa = PBXBuildFile; fileRef = 4A79B76F222B9678003ED4F9 /* CustomCellForJobList.xib */; };
		4A79B775222BA193003ED4F9 /* Github.swift in Sources */ = {isa = PBXBuildFile; fileRef = 4A79B774222BA193003ED4F9 /* Github.swift */; };
		4A79B777222BA1A7003ED4F9 /* SearchGov.swift in Sources */ = {isa = PBXBuildFile; fileRef = 4A79B776222BA1A7003ED4F9 /* SearchGov.swift */; };
		4A79B779222BA1BC003ED4F9 /* JobModel.swift in Sources */ = {isa = PBXBuildFile; fileRef = 4A79B778222BA1BC003ED4F9 /* JobModel.swift */; };
		C6A2BC2231B067B5AFA44A10 /* Pods_Job_Finder.framework in Frameworks */ = {isa = PBXBuildFile; fileRef = 3804BADCEC5D63609DB465DD /* Pods_Job_Finder.framework */; };
/* End PBXBuildFile section */

/* Begin PBXContainerItemProxy section */
		4A79B75D222B9248003ED4F9 /* PBXContainerItemProxy */ = {
			isa = PBXContainerItemProxy;
			containerPortal = 4A79B740222B9247003ED4F9 /* Project object */;
			proxyType = 1;
			remoteGlobalIDString = 4A79B747222B9247003ED4F9;
			remoteInfo = "Job Finder";
		};
/* End PBXContainerItemProxy section */

/* Begin PBXFileReference section */
		3804BADCEC5D63609DB465DD /* Pods_Job_Finder.framework */ = {isa = PBXFileReference; explicitFileType = wrapper.framework; includeInIndex = 0; path = Pods_Job_Finder.framework; sourceTree = BUILT_PRODUCTS_DIR; };
		4A79B748222B9247003ED4F9 /* Job Finder.app */ = {isa = PBXFileReference; explicitFileType = wrapper.application; includeInIndex = 0; path = "Job Finder.app"; sourceTree = BUILT_PRODUCTS_DIR; };
		4A79B74B222B9247003ED4F9 /* AppDelegate.swift */ = {isa = PBXFileReference; lastKnownFileType = sourcecode.swift; path = AppDelegate.swift; sourceTree = "<group>"; };
		4A79B74D222B9247003ED4F9 /* ViewController.swift */ = {isa = PBXFileReference; lastKnownFileType = sourcecode.swift; path = ViewController.swift; sourceTree = "<group>"; };
		4A79B750222B9247003ED4F9 /* Base */ = {isa = PBXFileReference; lastKnownFileType = file.storyboard; name = Base; path = Base.lproj/Main.storyboard; sourceTree = "<group>"; };
		4A79B752222B9247003ED4F9 /* Assets.xcassets */ = {isa = PBXFileReference; lastKnownFileType = folder.assetcatalog; path = Assets.xcassets; sourceTree = "<group>"; };
		4A79B755222B9247003ED4F9 /* Base */ = {isa = PBXFileReference; lastKnownFileType = file.storyboard; name = Base; path = Base.lproj/LaunchScreen.storyboard; sourceTree = "<group>"; };
		4A79B757222B9247003ED4F9 /* Info.plist */ = {isa = PBXFileReference; lastKnownFileType = text.plist.xml; path = Info.plist; sourceTree = "<group>"; };
		4A79B75C222B9248003ED4F9 /* Job FinderTests.xctest */ = {isa = PBXFileReference; explicitFileType = wrapper.cfbundle; includeInIndex = 0; path = "Job FinderTests.xctest"; sourceTree = BUILT_PRODUCTS_DIR; };
		4A79B760222B9248003ED4F9 /* Job_FinderTests.swift */ = {isa = PBXFileReference; lastKnownFileType = sourcecode.swift; path = Job_FinderTests.swift; sourceTree = "<group>"; };
		4A79B762222B9248003ED4F9 /* Info.plist */ = {isa = PBXFileReference; lastKnownFileType = text.plist.xml; path = Info.plist; sourceTree = "<group>"; };
		4A79B76E222B9678003ED4F9 /* CustomCellForJobList.swift */ = {isa = PBXFileReference; lastKnownFileType = sourcecode.swift; path = CustomCellForJobList.swift; sourceTree = "<group>"; };
		4A79B76F222B9678003ED4F9 /* CustomCellForJobList.xib */ = {isa = PBXFileReference; lastKnownFileType = file.xib; path = CustomCellForJobList.xib; sourceTree = "<group>"; };
		4A79B774222BA193003ED4F9 /* Github.swift */ = {isa = PBXFileReference; lastKnownFileType = sourcecode.swift; path = Github.swift; sourceTree = "<group>"; };
		4A79B776222BA1A7003ED4F9 /* SearchGov.swift */ = {isa = PBXFileReference; lastKnownFileType = sourcecode.swift; path = SearchGov.swift; sourceTree = "<group>"; };
		4A79B778222BA1BC003ED4F9 /* JobModel.swift */ = {isa = PBXFileReference; lastKnownFileType = sourcecode.swift; path = JobModel.swift; sourceTree = "<group>"; };
		5674BA7DD29347CB7C956256 /* Pods_Job_FinderTests.framework */ = {isa = PBXFileReference; explicitFileType = wrapper.framework; includeInIndex = 0; path = Pods_Job_FinderTests.framework; sourceTree = BUILT_PRODUCTS_DIR; };
		75C476556C3624C95218776B /* Pods-Job FinderTests.debug.xcconfig */ = {isa = PBXFileReference; includeInIndex = 1; lastKnownFileType = text.xcconfig; name = "Pods-Job FinderTests.debug.xcconfig"; path = "Target Support Files/Pods-Job FinderTests/Pods-Job FinderTests.debug.xcconfig"; sourceTree = "<group>"; };
		96CBF01A9148BBE30379130B /* Pods-Job FinderTests.release.xcconfig */ = {isa = PBXFileReference; includeInIndex = 1; lastKnownFileType = text.xcconfig; name = "Pods-Job FinderTests.release.xcconfig"; path = "Target Support Files/Pods-Job FinderTests/Pods-Job FinderTests.release.xcconfig"; sourceTree = "<group>"; };
		CFCB512441F6DFEB766A2AFC /* Pods-Job Finder.release.xcconfig */ = {isa = PBXFileReference; includeInIndex = 1; lastKnownFileType = text.xcconfig; name = "Pods-Job Finder.release.xcconfig"; path = "Target Support Files/Pods-Job Finder/Pods-Job Finder.release.xcconfig"; sourceTree = "<group>"; };
		E51D716964431315779BF846 /* Pods-Job Finder.debug.xcconfig */ = {isa = PBXFileReference; includeInIndex = 1; lastKnownFileType = text.xcconfig; name = "Pods-Job Finder.debug.xcconfig"; path = "Target Support Files/Pods-Job Finder/Pods-Job Finder.debug.xcconfig"; sourceTree = "<group>"; };
/* End PBXFileReference section */

/* Begin PBXFrameworksBuildPhase section */
		4A79B745222B9247003ED4F9 /* Frameworks */ = {
			isa = PBXFrameworksBuildPhase;
			buildActionMask = 2147483647;
			files = (
				C6A2BC2231B067B5AFA44A10 /* Pods_Job_Finder.framework in Frameworks */,
			);
			runOnlyForDeploymentPostprocessing = 0;
		};
		4A79B759222B9248003ED4F9 /* Frameworks */ = {
			isa = PBXFrameworksBuildPhase;
			buildActionMask = 2147483647;
			files = (
				294C9C7CA260D01AA9FEF05A /* Pods_Job_FinderTests.framework in Frameworks */,
			);
			runOnlyForDeploymentPostprocessing = 0;
		};
/* End PBXFrameworksBuildPhase section */

/* Begin PBXGroup section */
		3C479C3028171A3E560B1CC9 /* Frameworks */ = {
			isa = PBXGroup;
			children = (
				3804BADCEC5D63609DB465DD /* Pods_Job_Finder.framework */,
				5674BA7DD29347CB7C956256 /* Pods_Job_FinderTests.framework */,
			);
			name = Frameworks;
			sourceTree = "<group>";
		};
		4A79B73F222B9247003ED4F9 = {
			isa = PBXGroup;
			children = (
				4A79B74A222B9247003ED4F9 /* Job Finder */,
				4A79B75F222B9248003ED4F9 /* Job FinderTests */,
				4A79B749222B9247003ED4F9 /* Products */,
				80540CCAAD97B2CBA766C743 /* Pods */,
				3C479C3028171A3E560B1CC9 /* Frameworks */,
			);
			sourceTree = "<group>";
		};
		4A79B749222B9247003ED4F9 /* Products */ = {
			isa = PBXGroup;
			children = (
				4A79B748222B9247003ED4F9 /* Job Finder.app */,
				4A79B75C222B9248003ED4F9 /* Job FinderTests.xctest */,
			);
			name = Products;
			sourceTree = "<group>";
		};
		4A79B74A222B9247003ED4F9 /* Job Finder */ = {
			isa = PBXGroup;
			children = (
				4A79B74B222B9247003ED4F9 /* AppDelegate.swift */,
				4A79B76D222B944D003ED4F9 /* Models */,
				4A79B76B222B9408003ED4F9 /* Controllers */,
				4A79B76C222B943C003ED4F9 /* Views */,
				4A79B752222B9247003ED4F9 /* Assets.xcassets */,
				4A79B757222B9247003ED4F9 /* Info.plist */,
			);
			path = "Job Finder";
			sourceTree = "<group>";
		};
		4A79B75F222B9248003ED4F9 /* Job FinderTests */ = {
			isa = PBXGroup;
			children = (
				4A79B760222B9248003ED4F9 /* Job_FinderTests.swift */,
				4A79B762222B9248003ED4F9 /* Info.plist */,
			);
			path = "Job FinderTests";
			sourceTree = "<group>";
		};
		4A79B76B222B9408003ED4F9 /* Controllers */ = {
			isa = PBXGroup;
			children = (
				4A79B74D222B9247003ED4F9 /* ViewController.swift */,
			);
			path = Controllers;
			sourceTree = "<group>";
		};
		4A79B76C222B943C003ED4F9 /* Views */ = {
			isa = PBXGroup;
			children = (
				4A79B754222B9247003ED4F9 /* LaunchScreen.storyboard */,
				4A79B74F222B9247003ED4F9 /* Main.storyboard */,
				4A79B772222B967D003ED4F9 /* Custom Table Cell */,
			);
			path = Views;
			sourceTree = "<group>";
		};
		4A79B76D222B944D003ED4F9 /* Models */ = {
			isa = PBXGroup;
			children = (
				4A79B778222BA1BC003ED4F9 /* JobModel.swift */,
				4A79B773222BA171003ED4F9 /* Job Providers */,
			);
			path = Models;
			sourceTree = "<group>";
		};
		4A79B772222B967D003ED4F9 /* Custom Table Cell */ = {
			isa = PBXGroup;
			children = (
				4A79B76E222B9678003ED4F9 /* CustomCellForJobList.swift */,
				4A79B76F222B9678003ED4F9 /* CustomCellForJobList.xib */,
			);
			path = "Custom Table Cell";
			sourceTree = "<group>";
		};
		4A79B773222BA171003ED4F9 /* Job Providers */ = {
			isa = PBXGroup;
			children = (
				4A79B774222BA193003ED4F9 /* Github.swift */,
				4A79B776222BA1A7003ED4F9 /* SearchGov.swift */,
			);
			path = "Job Providers";
			sourceTree = "<group>";
		};
		80540CCAAD97B2CBA766C743 /* Pods */ = {
			isa = PBXGroup;
			children = (
				E51D716964431315779BF846 /* Pods-Job Finder.debug.xcconfig */,
				CFCB512441F6DFEB766A2AFC /* Pods-Job Finder.release.xcconfig */,
				75C476556C3624C95218776B /* Pods-Job FinderTests.debug.xcconfig */,
				96CBF01A9148BBE30379130B /* Pods-Job FinderTests.release.xcconfig */,
			);
			path = Pods;
			sourceTree = "<group>";
		};
/* End PBXGroup section */

/* Begin PBXNativeTarget section */
		4A79B747222B9247003ED4F9 /* Job Finder */ = {
			isa = PBXNativeTarget;
			buildConfigurationList = 4A79B765222B9248003ED4F9 /* Build configuration list for PBXNativeTarget "Job Finder" */;
			buildPhases = (
				7E72180D636386355DF990C7 /* [CP] Check Pods Manifest.lock */,
				4A79B744222B9247003ED4F9 /* Sources */,
				4A79B745222B9247003ED4F9 /* Frameworks */,
				4A79B746222B9247003ED4F9 /* Resources */,
				531B39CD9487E88FE4E990B2 /* [CP] Embed Pods Frameworks */,
				5FEB5EB2C20F6D5B2AE9E4BD /* [CP] Copy Pods Resources */,
			);
			buildRules = (
			);
			dependencies = (
			);
			name = "Job Finder";
			productName = "Job Finder";
			productReference = 4A79B748222B9247003ED4F9 /* Job Finder.app */;
			productType = "com.apple.product-type.application";
		};
		4A79B75B222B9248003ED4F9 /* Job FinderTests */ = {
			isa = PBXNativeTarget;
			buildConfigurationList = 4A79B768222B9248003ED4F9 /* Build configuration list for PBXNativeTarget "Job FinderTests" */;
			buildPhases = (
				A020578E2AD6D6B3972B1000 /* [CP] Check Pods Manifest.lock */,
				4A79B758222B9248003ED4F9 /* Sources */,
				4A79B759222B9248003ED4F9 /* Frameworks */,
				4A79B75A222B9248003ED4F9 /* Resources */,
			);
			buildRules = (
			);
			dependencies = (
				4A79B75E222B9248003ED4F9 /* PBXTargetDependency */,
			);
			name = "Job FinderTests";
			productName = "Job FinderTests";
			productReference = 4A79B75C222B9248003ED4F9 /* Job FinderTests.xctest */;
			productType = "com.apple.product-type.bundle.unit-test";
		};
/* End PBXNativeTarget section */

/* Begin PBXProject section */
		4A79B740222B9247003ED4F9 /* Project object */ = {
			isa = PBXProject;
			attributes = {
				LastSwiftUpdateCheck = 1010;
				LastUpgradeCheck = 1010;
				ORGANIZATIONNAME = "Deependra Dhakal";
				TargetAttributes = {
					4A79B747222B9247003ED4F9 = {
						CreatedOnToolsVersion = 10.1;
					};
					4A79B75B222B9248003ED4F9 = {
						CreatedOnToolsVersion = 10.1;
						TestTargetID = 4A79B747222B9247003ED4F9;
					};
				};
			};
			buildConfigurationList = 4A79B743222B9247003ED4F9 /* Build configuration list for PBXProject "Job Finder" */;
			compatibilityVersion = "Xcode 9.3";
			developmentRegion = en;
			hasScannedForEncodings = 0;
			knownRegions = (
				en,
				Base,
			);
			mainGroup = 4A79B73F222B9247003ED4F9;
			productRefGroup = 4A79B749222B9247003ED4F9 /* Products */;
			projectDirPath = "";
			projectRoot = "";
			targets = (
				4A79B747222B9247003ED4F9 /* Job Finder */,
				4A79B75B222B9248003ED4F9 /* Job FinderTests */,
			);
		};
/* End PBXProject section */

/* Begin PBXResourcesBuildPhase section */
		4A79B746222B9247003ED4F9 /* Resources */ = {
			isa = PBXResourcesBuildPhase;
			buildActionMask = 2147483647;
			files = (
				4A79B756222B9247003ED4F9 /* LaunchScreen.storyboard in Resources */,
				4A79B753222B9247003ED4F9 /* Assets.xcassets in Resources */,
				4A79B771222B9678003ED4F9 /* CustomCellForJobList.xib in Resources */,
				4A79B751222B9247003ED4F9 /* Main.storyboard in Resources */,
			);
			runOnlyForDeploymentPostprocessing = 0;
		};
		4A79B75A222B9248003ED4F9 /* Resources */ = {
			isa = PBXResourcesBuildPhase;
			buildActionMask = 2147483647;
			files = (
			);
			runOnlyForDeploymentPostprocessing = 0;
		};
/* End PBXResourcesBuildPhase section */

/* Begin PBXShellScriptBuildPhase section */
		531B39CD9487E88FE4E990B2 /* [CP] Embed Pods Frameworks */ = {
			isa = PBXShellScriptBuildPhase;
			buildActionMask = 2147483647;
			files = (
			);
			inputFileListPaths = (
			);
			inputPaths = (
				"${PODS_ROOT}/Target Support Files/Pods-Job Finder/Pods-Job Finder-frameworks.sh",
				"${BUILT_PRODUCTS_DIR}/Alamofire/Alamofire.framework",
				"${BUILT_PRODUCTS_DIR}/AlamofireNetworkActivityLogger/AlamofireNetworkActivityLogger.framework",
				"${BUILT_PRODUCTS_DIR}/SDWebImage/SDWebImage.framework",
				"${BUILT_PRODUCTS_DIR}/SVProgressHUD/SVProgressHUD.framework",
				"${BUILT_PRODUCTS_DIR}/SwiftyJSON/SwiftyJSON.framework",
				"${BUILT_PRODUCTS_DIR}/TOWebViewController/TOWebViewController.framework",
			);
			name = "[CP] Embed Pods Frameworks";
			outputFileListPaths = (
			);
			outputPaths = (
				"${TARGET_BUILD_DIR}/${FRAMEWORKS_FOLDER_PATH}/Alamofire.framework",
				"${TARGET_BUILD_DIR}/${FRAMEWORKS_FOLDER_PATH}/AlamofireNetworkActivityLogger.framework",
				"${TARGET_BUILD_DIR}/${FRAMEWORKS_FOLDER_PATH}/SDWebImage.framework",
				"${TARGET_BUILD_DIR}/${FRAMEWORKS_FOLDER_PATH}/SVProgressHUD.framework",
				"${TARGET_BUILD_DIR}/${FRAMEWORKS_FOLDER_PATH}/SwiftyJSON.framework",
				"${TARGET_BUILD_DIR}/${FRAMEWORKS_FOLDER_PATH}/TOWebViewController.framework",
			);
			runOnlyForDeploymentPostprocessing = 0;
			shellPath = /bin/sh;
			shellScript = "\"${PODS_ROOT}/Target Support Files/Pods-Job Finder/Pods-Job Finder-frameworks.sh\"\n";
			showEnvVarsInLog = 0;
		};
		5FEB5EB2C20F6D5B2AE9E4BD /* [CP] Copy Pods Resources */ = {
			isa = PBXShellScriptBuildPhase;
			buildActionMask = 2147483647;
			files = (
			);
			inputFileListPaths = (
			);
			inputPaths = (
				"${PODS_ROOT}/Target Support Files/Pods-Job Finder/Pods-Job Finder-resources.sh",
				"${PODS_ROOT}/GooglePlaces/Frameworks/GooglePlaces.framework/Resources/GooglePlaces.bundle",
			);
			name = "[CP] Copy Pods Resources";
			outputFileListPaths = (
			);
			outputPaths = (
				"${TARGET_BUILD_DIR}/${UNLOCALIZED_RESOURCES_FOLDER_PATH}/GooglePlaces.bundle",
			);
			runOnlyForDeploymentPostprocessing = 0;
			shellPath = /bin/sh;
			shellScript = "\"${PODS_ROOT}/Target Support Files/Pods-Job Finder/Pods-Job Finder-resources.sh\"\n";
			showEnvVarsInLog = 0;
		};
		7E72180D636386355DF990C7 /* [CP] Check Pods Manifest.lock */ = {
			isa = PBXShellScriptBuildPhase;
			buildActionMask = 2147483647;
			files = (
			);
			inputFileListPaths = (
			);
			inputPaths = (
				"${PODS_PODFILE_DIR_PATH}/Podfile.lock",
				"${PODS_ROOT}/Manifest.lock",
			);
			name = "[CP] Check Pods Manifest.lock";
			outputFileListPaths = (
			);
			outputPaths = (
				"$(DERIVED_FILE_DIR)/Pods-Job Finder-checkManifestLockResult.txt",
			);
			runOnlyForDeploymentPostprocessing = 0;
			shellPath = /bin/sh;
			shellScript = "diff \"${PODS_PODFILE_DIR_PATH}/Podfile.lock\" \"${PODS_ROOT}/Manifest.lock\" > /dev/null\nif [ $? != 0 ] ; then\n    # print error to STDERR\n    echo \"error: The sandbox is not in sync with the Podfile.lock. Run 'pod install' or update your CocoaPods installation.\" >&2\n    exit 1\nfi\n# This output is used by Xcode 'outputs' to avoid re-running this script phase.\necho \"SUCCESS\" > \"${SCRIPT_OUTPUT_FILE_0}\"\n";
			showEnvVarsInLog = 0;
		};
		A020578E2AD6D6B3972B1000 /* [CP] Check Pods Manifest.lock */ = {
			isa = PBXShellScriptBuildPhase;
			buildActionMask = 2147483647;
			files = (
			);
			inputFileListPaths = (
			);
			inputPaths = (
				"${PODS_PODFILE_DIR_PATH}/Podfile.lock",
				"${PODS_ROOT}/Manifest.lock",
			);
			name = "[CP] Check Pods Manifest.lock";
			outputFileListPaths = (
			);
			outputPaths = (
				"$(DERIVED_FILE_DIR)/Pods-Job FinderTests-checkManifestLockResult.txt",
			);
			runOnlyForDeploymentPostprocessing = 0;
			shellPath = /bin/sh;
			shellScript = "diff \"${PODS_PODFILE_DIR_PATH}/Podfile.lock\" \"${PODS_ROOT}/Manifest.lock\" > /dev/null\nif [ $? != 0 ] ; then\n    # print error to STDERR\n    echo \"error: The sandbox is not in sync with the Podfile.lock. Run 'pod install' or update your CocoaPods installation.\" >&2\n    exit 1\nfi\n# This output is used by Xcode 'outputs' to avoid re-running this script phase.\necho \"SUCCESS\" > \"${SCRIPT_OUTPUT_FILE_0}\"\n";
			showEnvVarsInLog = 0;
		};
/* End PBXShellScriptBuildPhase section */

/* Begin PBXSourcesBuildPhase section */
		4A79B744222B9247003ED4F9 /* Sources */ = {
			isa = PBXSourcesBuildPhase;
			buildActionMask = 2147483647;
			files = (
				4A79B777222BA1A7003ED4F9 /* SearchGov.swift in Sources */,
				4A79B74E222B9247003ED4F9 /* ViewController.swift in Sources */,
				4A79B74C222B9247003ED4F9 /* AppDelegate.swift in Sources */,
				4A79B775222BA193003ED4F9 /* Github.swift in Sources */,
				4A79B770222B9678003ED4F9 /* CustomCellForJobList.swift in Sources */,
				4A79B779222BA1BC003ED4F9 /* JobModel.swift in Sources */,
			);
			runOnlyForDeploymentPostprocessing = 0;
		};
		4A79B758222B9248003ED4F9 /* Sources */ = {
			isa = PBXSourcesBuildPhase;
			buildActionMask = 2147483647;
			files = (
				4A79B761222B9248003ED4F9 /* Job_FinderTests.swift in Sources */,
			);
			runOnlyForDeploymentPostprocessing = 0;
		};
/* End PBXSourcesBuildPhase section */

/* Begin PBXTargetDependency section */
		4A79B75E222B9248003ED4F9 /* PBXTargetDependency */ = {
			isa = PBXTargetDependency;
			target = 4A79B747222B9247003ED4F9 /* Job Finder */;
			targetProxy = 4A79B75D222B9248003ED4F9 /* PBXContainerItemProxy */;
		};
/* End PBXTargetDependency section */

/* Begin PBXVariantGroup section */
		4A79B74F222B9247003ED4F9 /* Main.storyboard */ = {
			isa = PBXVariantGroup;
			children = (
				4A79B750222B9247003ED4F9 /* Base */,
			);
			name = Main.storyboard;
			sourceTree = "<group>";
		};
		4A79B754222B9247003ED4F9 /* LaunchScreen.storyboard */ = {
			isa = PBXVariantGroup;
			children = (
				4A79B755222B9247003ED4F9 /* Base */,
			);
			name = LaunchScreen.storyboard;
			sourceTree = "<group>";
		};
/* End PBXVariantGroup section */

/* Begin XCBuildConfiguration section */
		4A79B763222B9248003ED4F9 /* Debug */ = {
			isa = XCBuildConfiguration;
			buildSettings = {
				ALWAYS_SEARCH_USER_PATHS = NO;
				CLANG_ANALYZER_NONNULL = YES;
				CLANG_ANALYZER_NUMBER_OBJECT_CONVERSION = YES_AGGRESSIVE;
				CLANG_CXX_LANGUAGE_STANDARD = "gnu++14";
				CLANG_CXX_LIBRARY = "libc++";
				CLANG_ENABLE_MODULES = YES;
				CLANG_ENABLE_OBJC_ARC = YES;
				CLANG_ENABLE_OBJC_WEAK = YES;
				CLANG_WARN_BLOCK_CAPTURE_AUTORELEASING = YES;
				CLANG_WARN_BOOL_CONVERSION = YES;
				CLANG_WARN_COMMA = YES;
				CLANG_WARN_CONSTANT_CONVERSION = YES;
				CLANG_WARN_DEPRECATED_OBJC_IMPLEMENTATIONS = YES;
				CLANG_WARN_DIRECT_OBJC_ISA_USAGE = YES_ERROR;
				CLANG_WARN_DOCUMENTATION_COMMENTS = YES;
				CLANG_WARN_EMPTY_BODY = YES;
				CLANG_WARN_ENUM_CONVERSION = YES;
				CLANG_WARN_INFINITE_RECURSION = YES;
				CLANG_WARN_INT_CONVERSION = YES;
				CLANG_WARN_NON_LITERAL_NULL_CONVERSION = YES;
				CLANG_WARN_OBJC_IMPLICIT_RETAIN_SELF = YES;
				CLANG_WARN_OBJC_LITERAL_CONVERSION = YES;
				CLANG_WARN_OBJC_ROOT_CLASS = YES_ERROR;
				CLANG_WARN_RANGE_LOOP_ANALYSIS = YES;
				CLANG_WARN_STRICT_PROTOTYPES = YES;
				CLANG_WARN_SUSPICIOUS_MOVE = YES;
				CLANG_WARN_UNGUARDED_AVAILABILITY = YES_AGGRESSIVE;
				CLANG_WARN_UNREACHABLE_CODE = YES;
				CLANG_WARN__DUPLICATE_METHOD_MATCH = YES;
				CODE_SIGN_IDENTITY = "iPhone Developer";
				COPY_PHASE_STRIP = NO;
				DEBUG_INFORMATION_FORMAT = dwarf;
				ENABLE_STRICT_OBJC_MSGSEND = YES;
				ENABLE_TESTABILITY = YES;
				GCC_C_LANGUAGE_STANDARD = gnu11;
				GCC_DYNAMIC_NO_PIC = NO;
				GCC_NO_COMMON_BLOCKS = YES;
				GCC_OPTIMIZATION_LEVEL = 0;
				GCC_PREPROCESSOR_DEFINITIONS = (
					"DEBUG=1",
					"$(inherited)",
				);
				GCC_WARN_64_TO_32_BIT_CONVERSION = YES;
				GCC_WARN_ABOUT_RETURN_TYPE = YES_ERROR;
				GCC_WARN_UNDECLARED_SELECTOR = YES;
				GCC_WARN_UNINITIALIZED_AUTOS = YES_AGGRESSIVE;
				GCC_WARN_UNUSED_FUNCTION = YES;
				GCC_WARN_UNUSED_VARIABLE = YES;
				IPHONEOS_DEPLOYMENT_TARGET = 12.1;
				MTL_ENABLE_DEBUG_INFO = INCLUDE_SOURCE;
				MTL_FAST_MATH = YES;
				ONLY_ACTIVE_ARCH = YES;
				SDKROOT = iphoneos;
				SWIFT_ACTIVE_COMPILATION_CONDITIONS = DEBUG;
				SWIFT_OPTIMIZATION_LEVEL = "-Onone";
			};
			name = Debug;
		};
		4A79B764222B9248003ED4F9 /* Release */ = {
			isa = XCBuildConfiguration;
			buildSettings = {
				ALWAYS_SEARCH_USER_PATHS = NO;
				CLANG_ANALYZER_NONNULL = YES;
				CLANG_ANALYZER_NUMBER_OBJECT_CONVERSION = YES_AGGRESSIVE;
				CLANG_CXX_LANGUAGE_STANDARD = "gnu++14";
				CLANG_CXX_LIBRARY = "libc++";
				CLANG_ENABLE_MODULES = YES;
				CLANG_ENABLE_OBJC_ARC = YES;
				CLANG_ENABLE_OBJC_WEAK = YES;
				CLANG_WARN_BLOCK_CAPTURE_AUTORELEASING = YES;
				CLANG_WARN_BOOL_CONVERSION = YES;
				CLANG_WARN_COMMA = YES;
				CLANG_WARN_CONSTANT_CONVERSION = YES;
				CLANG_WARN_DEPRECATED_OBJC_IMPLEMENTATIONS = YES;
				CLANG_WARN_DIRECT_OBJC_ISA_USAGE = YES_ERROR;
				CLANG_WARN_DOCUMENTATION_COMMENTS = YES;
				CLANG_WARN_EMPTY_BODY = YES;
				CLANG_WARN_ENUM_CONVERSION = YES;
				CLANG_WARN_INFINITE_RECURSION = YES;
				CLANG_WARN_INT_CONVERSION = YES;
				CLANG_WARN_NON_LITERAL_NULL_CONVERSION = YES;
				CLANG_WARN_OBJC_IMPLICIT_RETAIN_SELF = YES;
				CLANG_WARN_OBJC_LITERAL_CONVERSION = YES;
				CLANG_WARN_OBJC_ROOT_CLASS = YES_ERROR;
				CLANG_WARN_RANGE_LOOP_ANALYSIS = YES;
				CLANG_WARN_STRICT_PROTOTYPES = YES;
				CLANG_WARN_SUSPICIOUS_MOVE = YES;
				CLANG_WARN_UNGUARDED_AVAILABILITY = YES_AGGRESSIVE;
				CLANG_WARN_UNREACHABLE_CODE = YES;
				CLANG_WARN__DUPLICATE_METHOD_MATCH = YES;
				CODE_SIGN_IDENTITY = "iPhone Developer";
				COPY_PHASE_STRIP = NO;
				DEBUG_INFORMATION_FORMAT = "dwarf-with-dsym";
				ENABLE_NS_ASSERTIONS = NO;
				ENABLE_STRICT_OBJC_MSGSEND = YES;
				GCC_C_LANGUAGE_STANDARD = gnu11;
				GCC_NO_COMMON_BLOCKS = YES;
				GCC_WARN_64_TO_32_BIT_CONVERSION = YES;
				GCC_WARN_ABOUT_RETURN_TYPE = YES_ERROR;
				GCC_WARN_UNDECLARED_SELECTOR = YES;
				GCC_WARN_UNINITIALIZED_AUTOS = YES_AGGRESSIVE;
				GCC_WARN_UNUSED_FUNCTION = YES;
				GCC_WARN_UNUSED_VARIABLE = YES;
				IPHONEOS_DEPLOYMENT_TARGET = 12.1;
				MTL_ENABLE_DEBUG_INFO = NO;
				MTL_FAST_MATH = YES;
				SDKROOT = iphoneos;
				SWIFT_COMPILATION_MODE = wholemodule;
				SWIFT_OPTIMIZATION_LEVEL = "-O";
				VALIDATE_PRODUCT = YES;
			};
			name = Release;
		};
		4A79B766222B9248003ED4F9 /* Debug */ = {
			isa = XCBuildConfiguration;
			baseConfigurationReference = E51D716964431315779BF846 /* Pods-Job Finder.debug.xcconfig */;
			buildSettings = {
				ASSETCATALOG_COMPILER_APPICON_NAME = AppIcon;
				CODE_SIGN_STYLE = Automatic;
				DEVELOPMENT_TEAM = JU2AV96TM4;
				INFOPLIST_FILE = "Job Finder/Info.plist";
				LD_RUNPATH_SEARCH_PATHS = (
					"$(inherited)",
					"@executable_path/Frameworks",
				);
				PRODUCT_BUNDLE_IDENTIFIER = "com.deepbhai.Job-Finder";
				PRODUCT_NAME = "$(TARGET_NAME)";
				SWIFT_VERSION = 4.2;
				TARGETED_DEVICE_FAMILY = "1,2";
			};
			name = Debug;
		};
		4A79B767222B9248003ED4F9 /* Release */ = {
			isa = XCBuildConfiguration;
			baseConfigurationReference = CFCB512441F6DFEB766A2AFC /* Pods-Job Finder.release.xcconfig */;
			buildSettings = {
				ASSETCATALOG_COMPILER_APPICON_NAME = AppIcon;
				CODE_SIGN_STYLE = Automatic;
				DEVELOPMENT_TEAM = JU2AV96TM4;
				INFOPLIST_FILE = "Job Finder/Info.plist";
				LD_RUNPATH_SEARCH_PATHS = (
					"$(inherited)",
					"@executable_path/Frameworks",
				);
				PRODUCT_BUNDLE_IDENTIFIER = "com.deepbhai.Job-Finder";
				PRODUCT_NAME = "$(TARGET_NAME)";
				SWIFT_VERSION = 4.2;
				TARGETED_DEVICE_FAMILY = "1,2";
			};
			name = Release;
		};
		4A79B769222B9248003ED4F9 /* Debug */ = {
			isa = XCBuildConfiguration;
			baseConfigurationReference = 75C476556C3624C95218776B /* Pods-Job FinderTests.debug.xcconfig */;
			buildSettings = {
				ALWAYS_EMBED_SWIFT_STANDARD_LIBRARIES = YES;
				BUNDLE_LOADER = "$(TEST_HOST)";
				CODE_SIGN_STYLE = Automatic;
				DEVELOPMENT_TEAM = JU2AV96TM4;
				INFOPLIST_FILE = "Job FinderTests/Info.plist";
				LD_RUNPATH_SEARCH_PATHS = (
					"$(inherited)",
					"@executable_path/Frameworks",
					"@loader_path/Frameworks",
				);
				PRODUCT_BUNDLE_IDENTIFIER = "com.deepbhai.Job-FinderTests";
				PRODUCT_NAME = "$(TARGET_NAME)";
				SWIFT_VERSION = 4.2;
				TARGETED_DEVICE_FAMILY = "1,2";
				TEST_HOST = "$(BUILT_PRODUCTS_DIR)/Job Finder.app/Job Finder";
			};
			name = Debug;
		};
		4A79B76A222B9248003ED4F9 /* Release */ = {
			isa = XCBuildConfiguration;
			baseConfigurationReference = 96CBF01A9148BBE30379130B /* Pods-Job FinderTests.release.xcconfig */;
			buildSettings = {
				ALWAYS_EMBED_SWIFT_STANDARD_LIBRARIES = YES;
				BUNDLE_LOADER = "$(TEST_HOST)";
				CODE_SIGN_STYLE = Automatic;
				DEVELOPMENT_TEAM = JU2AV96TM4;
				INFOPLIST_FILE = "Job FinderTests/Info.plist";
				LD_RUNPATH_SEARCH_PATHS = (
					"$(inherited)",
					"@executable_path/Frameworks",
					"@loader_path/Frameworks",
				);
				PRODUCT_BUNDLE_IDENTIFIER = "com.deepbhai.Job-FinderTests";
				PRODUCT_NAME = "$(TARGET_NAME)";
				SWIFT_VERSION = 4.2;
				TARGETED_DEVICE_FAMILY = "1,2";
				TEST_HOST = "$(BUILT_PRODUCTS_DIR)/Job Finder.app/Job Finder";
			};
			name = Release;
		};
/* End XCBuildConfiguration section */

/* Begin XCConfigurationList section */
		4A79B743222B9247003ED4F9 /* Build configuration list for PBXProject "Job Finder" */ = {
			isa = XCConfigurationList;
			buildConfigurations = (
				4A79B763222B9248003ED4F9 /* Debug */,
				4A79B764222B9248003ED4F9 /* Release */,
			);
			defaultConfigurationIsVisible = 0;
			defaultConfigurationName = Release;
		};
		4A79B765222B9248003ED4F9 /* Build configuration list for PBXNativeTarget "Job Finder" */ = {
			isa = XCConfigurationList;
			buildConfigurations = (
				4A79B766222B9248003ED4F9 /* Debug */,
				4A79B767222B9248003ED4F9 /* Release */,
			);
			defaultConfigurationIsVisible = 0;
			defaultConfigurationName = Release;
		};
		4A79B768222B9248003ED4F9 /* Build configuration list for PBXNativeTarget "Job FinderTests" */ = {
			isa = XCConfigurationList;
			buildConfigurations = (
				4A79B769222B9248003ED4F9 /* Debug */,
				4A79B76A222B9248003ED4F9 /* Release */,
			);
			defaultConfigurationIsVisible = 0;
			defaultConfigurationName = Release;
		};
/* End XCConfigurationList section */
	};
	rootObject = 4A79B740222B9247003ED4F9 /* Project object */;
}
